// !$*UTF8*$!
{
	archiveVersion = 1;
	classes = {
	};
	objectVersion = 56;
	objects = {

/* Begin PBXBuildFile section */
		8E335D5E6CD64F42B2FAF14A /* Color+Hex.swift in Sources */ = {
			isa = PBXBuildFile;
			fileRef = FD571CC6C80B46209DAF98FA /* Color+Hex.swift */;
		};
		4957BC906EE845E6B1B05287 /* Models.swift in Sources */ = {
			isa = PBXBuildFile;
			fileRef = 29235F7091914556A69C6AC2 /* Models.swift */;
		};
		7FCBC68A97494DC0AB95F651 /* MowFlowApp.swift in Sources */ = {
			isa = PBXBuildFile;
			fileRef = 49F5D10A75634C46BD7C2EB8 /* MowFlowApp.swift */;
		};
		48670878ADFA429B9E122526 /* AuthService.swift in Sources */ = {
			isa = PBXBuildFile;
			fileRef = E3B68701CD454BA385493CC7 /* AuthService.swift */;
		};
		64F676436CCB4B19884B5B71 /* ChatService.swift in Sources */ = {
			isa = PBXBuildFile;
			fileRef = 5BDF8700D3854A92BF25C8B3 /* ChatService.swift */;
		};
		B768B956541946C4BAA5FF32 /* DataStore.swift in Sources */ = {
			isa = PBXBuildFile;
			fileRef = B96C3999817144C2A6AE24AC /* DataStore.swift */;
		};
		C5BA1DBFEB0545CFBB1529BC /* StripeService.swift in Sources */ = {
			isa = PBXBuildFile;
			fileRef = 6485C87A803646F091D22B51 /* StripeService.swift */;
		};
		63FED9C401E843ED81D68C2F /* SupabaseService.swift in Sources */ = {
			isa = PBXBuildFile;
			fileRef = 7316473EE2FA4EA08B1A4835 /* SupabaseService.swift */;
		};
		DE0EDAF2C95E44F6BE89B36A /* LoginView.swift in Sources */ = {
			isa = PBXBuildFile;
			fileRef = 609FC4D29E6E40D68303E573 /* LoginView.swift */;
		};
		DC47F67BE4B440E99AF7B7E9 /* ChatView.swift in Sources */ = {
			isa = PBXBuildFile;
			fileRef = 0F16F138AD324A4BB2A68AA1 /* ChatView.swift */;
		};
		3E7A5DA547044D07848CC0BA /* ClientsView.swift in Sources */ = {
			isa = PBXBuildFile;
			fileRef = 5851CAC6E1DF4E0D93B04F6A /* ClientsView.swift */;
		};
		2D5B9B2671704E6AB1223C08 /* NewClientFormView.swift in Sources */ = {
			isa = PBXBuildFile;
			fileRef = E2065388B95B4C4288DC4362 /* NewClientFormView.swift */;
		};
		8DA2C8E039C446608A1107D9 /* JobCardView.swift in Sources */ = {
			isa = PBXBuildFile;
			fileRef = BFB79AE742294055A0CBC463 /* JobCardView.swift */;
		};
		CF78FCEEE150482EABCA4712 /* MainTabView.swift in Sources */ = {
			isa = PBXBuildFile;
			fileRef = CE2444CB0C874E738202CF8F /* MainTabView.swift */;
		};
		CEA6ADDA02EB4D858D3CC0AA /* ReusableViews.swift in Sources */ = {
			isa = PBXBuildFile;
			fileRef = A99854736E344556944D2B54 /* ReusableViews.swift */;
		};
		974DAEA4B50D4826B31B7610 /* HomeView.swift in Sources */ = {
			isa = PBXBuildFile;
			fileRef = 21D9662CC32C4D51A88511D7 /* HomeView.swift */;
		};
		0AB015D7AC6441A6BD7745A4 /* InvoicesView.swift in Sources */ = {
			isa = PBXBuildFile;
			fileRef = 27170D81EF364DA0A37978ED /* InvoicesView.swift */;
		};
		E326CE52B46A44C5A240D0F1 /* PaymentView.swift in Sources */ = {
			isa = PBXBuildFile;
			fileRef = E94C11FD301D460DBC7590A1 /* PaymentView.swift */;
		};
		6BC403B509BB4D8A88753BF9 /* SettingsView.swift in Sources */ = {
			isa = PBXBuildFile;
			fileRef = 6572B5B2FD1E40CF9D311AFD /* SettingsView.swift */;
		};
		70592973AE2C438A8DE39849 /* NewJobFormView.swift in Sources */ = {
			isa = PBXBuildFile;
			fileRef = A9AD88057BE74546BD14F29F /* NewJobFormView.swift */;
		};
		BFA890BE84D942499855ECFD /* TodayView.swift in Sources */ = {
			isa = PBXBuildFile;
			fileRef = A78D68D70CE34853B9FC44C8 /* TodayView.swift */;
		};
		D31B76D8EAD94238BA078DA2 /* Assets.xcassets in Resources */ = {
			isa = PBXBuildFile;
			fileRef = 7EBCBEE318D44A5D9039AD08 /* Assets.xcassets */;
		};
		ACCE19B11E9442BD958B9C5D /* StripePayments in Frameworks */ = {
			isa = PBXBuildFile;
			productRef = 81E3E9097CCC4A1A9ED65EC5 /* StripePayments */;
		};
/* End PBXBuildFile section */

/* Begin PBXFileReference section */
		FD571CC6C80B46209DAF98FA /* Color+Hex.swift */ = {
			isa = PBXFileReference;
			lastKnownFileType = sourcecode.swift;
			path = Color+Hex.swift;
			sourceTree = "<group>";
		};
		29235F7091914556A69C6AC2 /* Models.swift */ = {
			isa = PBXFileReference;
			lastKnownFileType = sourcecode.swift;
			path = Models.swift;
			sourceTree = "<group>";
		};
		49F5D10A75634C46BD7C2EB8 /* MowFlowApp.swift */ = {
			isa = PBXFileReference;
			lastKnownFileType = sourcecode.swift;
			path = MowFlowApp.swift;
			sourceTree = "<group>";
		};
		E3B68701CD454BA385493CC7 /* AuthService.swift */ = {
			isa = PBXFileReference;
			lastKnownFileType = sourcecode.swift;
			path = AuthService.swift;
			sourceTree = "<group>";
		};
		5BDF8700D3854A92BF25C8B3 /* ChatService.swift */ = {
			isa = PBXFileReference;
			lastKnownFileType = sourcecode.swift;
			path = ChatService.swift;
			sourceTree = "<group>";
		};
		B96C3999817144C2A6AE24AC /* DataStore.swift */ = {
			isa = PBXFileReference;
			lastKnownFileType = sourcecode.swift;
			path = DataStore.swift;
			sourceTree = "<group>";
		};
		6485C87A803646F091D22B51 /* StripeService.swift */ = {
			isa = PBXFileReference;
			lastKnownFileType = sourcecode.swift;
			path = StripeService.swift;
			sourceTree = "<group>";
		};
		7316473EE2FA4EA08B1A4835 /* SupabaseService.swift */ = {
			isa = PBXFileReference;
			lastKnownFileType = sourcecode.swift;
			path = SupabaseService.swift;
			sourceTree = "<group>";
		};
		609FC4D29E6E40D68303E573 /* LoginView.swift */ = {
			isa = PBXFileReference;
			lastKnownFileType = sourcecode.swift;
			path = LoginView.swift;
			sourceTree = "<group>";
		};
		0F16F138AD324A4BB2A68AA1 /* ChatView.swift */ = {
			isa = PBXFileReference;
			lastKnownFileType = sourcecode.swift;
			path = ChatView.swift;
			sourceTree = "<group>";
		};
		5851CAC6E1DF4E0D93B04F6A /* ClientsView.swift */ = {
			isa = PBXFileReference;
			lastKnownFileType = sourcecode.swift;
			path = ClientsView.swift;
			sourceTree = "<group>";
		};
		E2065388B95B4C4288DC4362 /* NewClientFormView.swift */ = {
			isa = PBXFileReference;
			lastKnownFileType = sourcecode.swift;
			path = NewClientFormView.swift;
			sourceTree = "<group>";
		};
		BFB79AE742294055A0CBC463 /* JobCardView.swift */ = {
			isa = PBXFileReference;
			lastKnownFileType = sourcecode.swift;
			path = JobCardView.swift;
			sourceTree = "<group>";
		};
		CE2444CB0C874E738202CF8F /* MainTabView.swift */ = {
			isa = PBXFileReference;
			lastKnownFileType = sourcecode.swift;
			path = MainTabView.swift;
			sourceTree = "<group>";
		};
		A99854736E344556944D2B54 /* ReusableViews.swift */ = {
			isa = PBXFileReference;
			lastKnownFileType = sourcecode.swift;
			path = ReusableViews.swift;
			sourceTree = "<group>";
		};
		21D9662CC32C4D51A88511D7 /* HomeView.swift */ = {
			isa = PBXFileReference;
			lastKnownFileType = sourcecode.swift;
			path = HomeView.swift;
			sourceTree = "<group>";
		};
		27170D81EF364DA0A37978ED /* InvoicesView.swift */ = {
			isa = PBXFileReference;
			lastKnownFileType = sourcecode.swift;
			path = InvoicesView.swift;
			sourceTree = "<group>";
		};
		E94C11FD301D460DBC7590A1 /* PaymentView.swift */ = {
			isa = PBXFileReference;
			lastKnownFileType = sourcecode.swift;
			path = PaymentView.swift;
			sourceTree = "<group>";
		};
		6572B5B2FD1E40CF9D311AFD /* SettingsView.swift */ = {
			isa = PBXFileReference;
			lastKnownFileType = sourcecode.swift;
			path = SettingsView.swift;
			sourceTree = "<group>";
		};
		A9AD88057BE74546BD14F29F /* NewJobFormView.swift */ = {
			isa = PBXFileReference;
			lastKnownFileType = sourcecode.swift;
			path = NewJobFormView.swift;
			sourceTree = "<group>";
		};
		A78D68D70CE34853B9FC44C8 /* TodayView.swift */ = {
			isa = PBXFileReference;
			lastKnownFileType = sourcecode.swift;
			path = TodayView.swift;
			sourceTree = "<group>";
		};
		7EBCBEE318D44A5D9039AD08 /* Assets.xcassets */ = {
			isa = PBXFileReference;
			lastKnownFileType = folder.assetcatalog;
			path = Assets.xcassets;
			sourceTree = "<group>";
		};
		0053E5C2A87E439AABA86E77 /* Config.xcconfig */ = {
			isa = PBXFileReference;
			lastKnownFileType = text.xcconfig;
			path = Config.xcconfig;
			sourceTree = "<group>";
		};
		091574F95B0D45378DCB3795 /* MowFlow.app */ = {
			isa = PBXFileReference;
			explicitFileType = wrapper.application;
			includeInIndex = 0;
			path = MowFlow.app;
			sourceTree = BUILT_PRODUCTS_DIR;
		};
/* End PBXFileReference section */

/* Begin PBXGroup section */
		413E90622D7745E5ABCDAAC9 = {
			isa = PBXGroup;
			children = (
				86372C46B1254803961929A4 /* MowFlow */,
				0053E5C2A87E439AABA86E77 /* Config.xcconfig */,
				B14239B0A0B04C779EA67589 /* Products */,
			);
			sourceTree = "<group>";
		};
		B14239B0A0B04C779EA67589 = {
			isa = PBXGroup;
			children = (
				091574F95B0D45378DCB3795 /* MowFlow.app */,
			);
			name = Products;
			sourceTree = "<group>";
		};
		86372C46B1254803961929A4 = {
			isa = PBXGroup;
			children = (
				FD571CC6C80B46209DAF98FA /* Color+Hex.swift */,
				49F5D10A75634C46BD7C2EB8 /* MowFlowApp.swift */,
				7EBCBEE318D44A5D9039AD08 /* Assets.xcassets */,
				8AB1889B5D1A41DCB5F01506 /* Models */,
				A5E1E7C86FFF4AD4BC6EB01C /* Services */,
				0D485F194D2640098F37AA3E /* Views */,
				20B2D0A19D2447C29841FF3C /* Views/Auth */,
				312CF4B4A9ED4E48A80D41F0 /* Views/Chat */,
				10247014B02A48988372F469 /* Views/Clients */,
				C9D92BE6A0C74508BE8D394F /* Views/Components */,
				2626C26E241F481995B34539 /* Views/Home */,
				4ED19FC0363D49E180B9621F /* Views/Invoices */,
				E74FB3958515425F9930AC4C /* Views/Payments */,
				8B4D96F9076C4853A8AF2C1F /* Views/Settings */,
				C551F86DD839464C987FC20F /* Views/Today */,
			);
			path = MowFlow;
			sourceTree = "<group>";
		};
		8AB1889B5D1A41DCB5F01506 /* Models */ = {
			isa = PBXGroup;
			children = (
				29235F7091914556A69C6AC2 /* Models.swift */,
			);
			path = Models;
			sourceTree = "<group>";
		};
		A5E1E7C86FFF4AD4BC6EB01C /* Services */ = {
			isa = PBXGroup;
			children = (
				E3B68701CD454BA385493CC7 /* AuthService.swift */,
				5BDF8700D3854A92BF25C8B3 /* ChatService.swift */,
				B96C3999817144C2A6AE24AC /* DataStore.swift */,
				6485C87A803646F091D22B51 /* StripeService.swift */,
				7316473EE2FA4EA08B1A4835 /* SupabaseService.swift */,
			);
			path = Services;
			sourceTree = "<group>";
		};
		0D485F194D2640098F37AA3E /* Views */ = {
			isa = PBXGroup;
			children = (
			);
			path = Views;
			sourceTree = "<group>";
		};
		20B2D0A19D2447C29841FF3C /* Views/Auth */ = {
			isa = PBXGroup;
			children = (
				609FC4D29E6E40D68303E573 /* LoginView.swift */,
			);
			path = Views/Auth;
			sourceTree = "<group>";
		};
		312CF4B4A9ED4E48A80D41F0 /* Views/Chat */ = {
			isa = PBXGroup;
			children = (
				0F16F138AD324A4BB2A68AA1 /* ChatView.swift */,
			);
			path = Views/Chat;
			sourceTree = "<group>";
		};
		10247014B02A48988372F469 /* Views/Clients */ = {
			isa = PBXGroup;
			children = (
				5851CAC6E1DF4E0D93B04F6A /* ClientsView.swift */,
				E2065388B95B4C4288DC4362 /* NewClientFormView.swift */,
			);
			path = Views/Clients;
			sourceTree = "<group>";
		};
		C9D92BE6A0C74508BE8D394F /* Views/Components */ = {
			isa = PBXGroup;
			children = (
				BFB79AE742294055A0CBC463 /* JobCardView.swift */,
				CE2444CB0C874E738202CF8F /* MainTabView.swift */,
				A99854736E344556944D2B54 /* ReusableViews.swift */,
			);
			path = Views/Components;
			sourceTree = "<group>";
		};
		2626C26E241F481995B34539 /* Views/Home */ = {
			isa = PBXGroup;
			children = (
				21D9662CC32C4D51A88511D7 /* HomeView.swift */,
			);
			path = Views/Home;
			sourceTree = "<group>";
		};
		4ED19FC0363D49E180B9621F /* Views/Invoices */ = {
			isa = PBXGroup;
			children = (
				27170D81EF364DA0A37978ED /* InvoicesView.swift */,
			);
			path = Views/Invoices;
			sourceTree = "<group>";
		};
		E74FB3958515425F9930AC4C /* Views/Payments */ = {
			isa = PBXGroup;
			children = (
				E94C11FD301D460DBC7590A1 /* PaymentView.swift */,
			);
			path = Views/Payments;
			sourceTree = "<group>";
		};
		8B4D96F9076C4853A8AF2C1F /* Views/Settings */ = {
			isa = PBXGroup;
			children = (
				6572B5B2FD1E40CF9D311AFD /* SettingsView.swift */,
			);
			path = Views/Settings;
			sourceTree = "<group>";
		};
		C551F86DD839464C987FC20F /* Views/Today */ = {
			isa = PBXGroup;
			children = (
				A9AD88057BE74546BD14F29F /* NewJobFormView.swift */,
				A78D68D70CE34853B9FC44C8 /* TodayView.swift */,
			);
			path = Views/Today;
			sourceTree = "<group>";
		};
/* End PBXGroup section */

/* Begin PBXNativeTarget section */
		27B0C36B61BA4EB9976965F6 /* MowFlow */ = {
			isa = PBXNativeTarget;
			buildConfigurationList = ECD61A8A724C4A49B269DC51 /* Build configuration list for PBXNativeTarget "MowFlow" */;
			buildPhases = (
				387312F9C0EE4BF7B76FF782 /* Sources */,
				FBA597957BFE432A9EBED179 /* Frameworks */,
				E284BCB8150E4BC2A00271CC /* Resources */,
			);
			buildRules = (
			);
			dependencies = (
			);
			name = MowFlow;
			packageProductDependencies = (
				81E3E9097CCC4A1A9ED65EC5 /* StripePayments */,
			);
			productName = MowFlow;
			productReference = 091574F95B0D45378DCB3795 /* MowFlow.app */;
			productType = "com.apple.product-type.application";
		};
/* End PBXNativeTarget section */

/* Begin PBXProject section */
		E31DDF158B3347C3B8FBC4B0 /* Project object */ = {
			isa = PBXProject;
			attributes = {
				BuildIndependentTargetsInParallel = 1;
				LastSwiftUpdateCheck = 1540;
				LastUpgradeCheck = 1540;
				TargetAttributes = {
					27B0C36B61BA4EB9976965F6 = {
						CreatedOnToolsVersion = 15.4;
					};
				};
			};
			buildConfigurationList = 005B87F1F4294FD48B4474B3 /* Build configuration list for PBXProject "MowFlow" */;
			compatibilityVersion = "Xcode 14.0";
			developmentRegion = en;
			hasScannedForEncodings = 0;
			knownRegions = (
				en,
				Base,
			);
			mainGroup = 413E90622D7745E5ABCDAAC9;
			packageReferences = (
				107024DC49B1424787A4888C /* XCRemoteSwiftPackageReference "stripe-ios" */,
			);
			productRefGroup = B14239B0A0B04C779EA67589 /* Products */;
			projectDirPath = "";
			projectRoot = "";
			targets = (
				27B0C36B61BA4EB9976965F6 /* MowFlow */,
			);
		};
/* End PBXProject section */

/* Begin PBXSourcesBuildPhase section */
		387312F9C0EE4BF7B76FF782 /* Sources */ = {
			isa = PBXSourcesBuildPhase;
			buildActionMask = 2147483647;
			files = (
				8E335D5E6CD64F42B2FAF14A /* Color+Hex.swift in Sources */,
				4957BC906EE845E6B1B05287 /* Models.swift in Sources */,
				7FCBC68A97494DC0AB95F651 /* MowFlowApp.swift in Sources */,
				48670878ADFA429B9E122526 /* AuthService.swift in Sources */,
				64F676436CCB4B19884B5B71 /* ChatService.swift in Sources */,
				B768B956541946C4BAA5FF32 /* DataStore.swift in Sources */,
				C5BA1DBFEB0545CFBB1529BC /* StripeService.swift in Sources */,
				63FED9C401E843ED81D68C2F /* SupabaseService.swift in Sources */,
				DE0EDAF2C95E44F6BE89B36A /* LoginView.swift in Sources */,
				DC47F67BE4B440E99AF7B7E9 /* ChatView.swift in Sources */,
				3E7A5DA547044D07848CC0BA /* ClientsView.swift in Sources */,
				2D5B9B2671704E6AB1223C08 /* NewClientFormView.swift in Sources */,
				8DA2C8E039C446608A1107D9 /* JobCardView.swift in Sources */,
				CF78FCEEE150482EABCA4712 /* MainTabView.swift in Sources */,
				CEA6ADDA02EB4D858D3CC0AA /* ReusableViews.swift in Sources */,
				974DAEA4B50D4826B31B7610 /* HomeView.swift in Sources */,
				0AB015D7AC6441A6BD7745A4 /* InvoicesView.swift in Sources */,
				E326CE52B46A44C5A240D0F1 /* PaymentView.swift in Sources */,
				6BC403B509BB4D8A88753BF9 /* SettingsView.swift in Sources */,
				70592973AE2C438A8DE39849 /* NewJobFormView.swift in Sources */,
				BFA890BE84D942499855ECFD /* TodayView.swift in Sources */,
			);
			runOnlyForDeploymentPostprocessing = 0;
		};
/* End PBXSourcesBuildPhase section */

/* Begin PBXFrameworksBuildPhase section */
		FBA597957BFE432A9EBED179 /* Frameworks */ = {
			isa = PBXFrameworksBuildPhase;
			buildActionMask = 2147483647;
			files = (
				ACCE19B11E9442BD958B9C5D /* StripePayments in Frameworks */,
			);
			runOnlyForDeploymentPostprocessing = 0;
		};
/* End PBXFrameworksBuildPhase section */

/* Begin PBXResourcesBuildPhase section */
		E284BCB8150E4BC2A00271CC /* Resources */ = {
			isa = PBXResourcesBuildPhase;
			buildActionMask = 2147483647;
			files = (
				D31B76D8EAD94238BA078DA2 /* Assets.xcassets in Resources */,
			);
			runOnlyForDeploymentPostprocessing = 0;
		};
/* End PBXResourcesBuildPhase section */

/* Begin XCBuildConfiguration section */
		4EDC641293E541E89B71F97B /* Debug */ = {
			isa = XCBuildConfiguration;
			buildSettings = {
				ASSETCATALOG_COMPILER_APPICON_NAME = AppIcon;
				ASSETCATALOG_COMPILER_GLOBAL_ACCENT_COLOR_NAME = AccentColor;
				CODE_SIGN_STYLE = Automatic;
				CURRENT_PROJECT_VERSION = 1;
				DEVELOPMENT_TEAM = "";
				GCC_PREPROCESSOR_DEFINITIONS = (
					"DEBUG=1",
					"$(inherited)",
				);
				GENERATE_INFOPLIST_FILE = YES;
				INFOPLIST_KEY_CFBundleDisplayName = "MowFlow";
				INFOPLIST_KEY_CFBundleIdentifier = "com.mowflow.app";
				INFOPLIST_KEY_CFBundleName = "MowFlow";
				INFOPLIST_KEY_SUPABASE_URL = "https://vqgiynfrpsqddjrayczc.supabase.co";
				INFOPLIST_KEY_SUPABASE_ANON_KEY = "sb_publishable_C10u9M0wmcgAqDgkZoxm6g_eAsQSjpz";
				INFOPLIST_KEY_StripePublishableKey = "pk_live_REPLACE_ME";
				INFOPLIST_KEY_UIApplicationSceneManifest_Generation = YES;
				INFOPLIST_KEY_UIApplicationSupportsIndirectInputEvents = YES;
				INFOPLIST_KEY_UILaunchScreen_Generation = YES;
				INFOPLIST_KEY_UIRequiredDeviceCapabilities = "arm64";
				INFOPLIST_KEY_UISupportedInterfaceOrientations = "UIInterfaceOrientationPortrait";
				LD_RUNPATH_SEARCH_PATHS = (
					"$(inherited)",
					"@executable_path/Frameworks",
				);
				MARKETING_VERSION = 1.0.0;
				PRODUCT_BUNDLE_IDENTIFIER = com.mowflow.app;
				PRODUCT_NAME = "$(TARGET_NAME)";
				SDKROOT = iphoneos;
				SWIFT_EMIT_LOC_STRINGS = YES;
				SWIFT_STRICT_CONCURRENCY = complete;
				SWIFT_VERSION = 5.0;
				TARGETED_DEVICE_FAMILY = "1,2";
			};
			name = Debug;
		};
		902572D9AC0E497D9494320A /* Release */ = {
			isa = XCBuildConfiguration;
			buildSettings = {
				ASSETCATALOG_COMPILER_APPICON_NAME = AppIcon;
				ASSETCATALOG_COMPILER_GLOBAL_ACCENT_COLOR_NAME = AccentColor;
				CODE_SIGN_STYLE = Automatic;
				CURRENT_PROJECT_VERSION = 1;
				DEVELOPMENT_TEAM = "";
				GENERATE_INFOPLIST_FILE = YES;
				INFOPLIST_KEY_CFBundleDisplayName = "MowFlow";
				INFOPLIST_KEY_CFBundleIdentifier = "com.mowflow.app";
				INFOPLIST_KEY_CFBundleName = "MowFlow";
				INFOPLIST_KEY_SUPABASE_URL = "https://vqgiynfrpsqddjrayczc.supabase.co";
				INFOPLIST_KEY_SUPABASE_ANON_KEY = "sb_publishable_C10u9M0wmcgAqDgkZoxm6g_eAsQSjpz";
				INFOPLIST_KEY_StripePublishableKey = "pk_live_REPLACE_ME";
				INFOPLIST_KEY_UIApplicationSceneManifest_Generation = YES;
				INFOPLIST_KEY_UIApplicationSupportsIndirectInputEvents = YES;
				INFOPLIST_KEY_UILaunchScreen_Generation = YES;
				INFOPLIST_KEY_UIRequiredDeviceCapabilities = "arm64";
				INFOPLIST_KEY_UISupportedInterfaceOrientations = "UIInterfaceOrientationPortrait";
				LD_RUNPATH_SEARCH_PATHS = (
					"$(inherited)",
					"@executable_path/Frameworks",
				);
				MARKETING_VERSION = 1.0.0;
				PRODUCT_BUNDLE_IDENTIFIER = com.mowflow.app;
				PRODUCT_NAME = "$(TARGET_NAME)";
				SDKROOT = iphoneos;
				SWIFT_EMIT_LOC_STRINGS = YES;
				SWIFT_STRICT_CONCURRENCY = complete;
				SWIFT_VERSION = 5.0;
				TARGETED_DEVICE_FAMILY = "1,2";
			};
			name = Release;
		};
		5694A7725030494AA131CCFC /* Debug */ = {
			isa = XCBuildConfiguration;
			buildSettings = {
				ALWAYS_SEARCH_USER_PATHS = NO;
				CLANG_ANALYZER_NONNULL = YES;
				CLANG_ANALYZER_NUMBER_OBJECT_CONVERSION = YES_AGGRESSIVE;
				CLANG_CXX_LANGUAGE_STANDARD = "gnu++20";
				CLANG_ENABLE_MODULES = YES;
				CLANG_ENABLE_OBJC_ARC = YES;
				CLANG_ENABLE_OBJC_WEAK = YES;
				CLANG_WARN_BLOCK_CAPTURE_AUTORELEASING = YES;
				CLANG_WARN_BOOL_CONVERSION = YES;
				CLANG_WARN_COMMA = YES;
				CLANG_WARN_CONSTANT_CONVERSION = YES;
				CLANG_WARN_DEPRECATED_OBJC_IMPLEMENTATIONS = YES;
				CLANG_WARN_DIRECT_OBJC_ISA_USAGE = YES_ERROR;
				CLANG_WARN_DOCUMENTATION_COMMENTS = YES;
				CLANG_WARN_EMPTY_BODY = YES;
				CLANG_WARN_ENUM_CONVERSION = YES;
				CLANG_WARN_INFINITE_RECURSION = YES;
				CLANG_WARN_INT_CONVERSION = YES;
				CLANG_WARN_NON_LITERAL_NULL_CONVERSION = YES;
				CLANG_WARN_OBJC_IMPLICIT_RETAIN_SELF = YES;
				CLANG_WARN_OBJC_LITERAL_CONVERSION = YES;
				CLANG_WARN_OBJC_ROOT_CLASS = YES_ERROR;
				CLANG_WARN_RANGE_LOOP_ANALYSIS = YES;
				CLANG_WARN_STRICT_PROTOTYPES = YES;
				CLANG_WARN_SUSPICIOUS_MOVE = YES;
				CLANG_WARN_UNGUARDED_AVAILABILITY = YES_AGGRESSIVE;
				CLANG_WARN_UNREACHABLE_CODE = YES;
				CLANG_WARN__DUPLICATE_METHOD_MATCH = YES;
				COPY_PHASE_STRIP = NO;
				DEBUG_INFORMATION_FORMAT = dwarf;
				ENABLE_TESTABILITY = YES;
				GCC_DYNAMIC_NO_PIC = NO;
				GCC_OPTIMIZATION_LEVEL = 0;
				GCC_PREPROCESSOR_DEFINITIONS = (
					"DEBUG=1",
					"$(inherited)",
				);
				MTL_ENABLE_DEBUG_INFO = INCLUDE_SOURCE;
				ONLY_ACTIVE_ARCH = YES;
				SWIFT_ACTIVE_COMPILATION_CONDITIONS = "DEBUG $(inherited)";
				SWIFT_OPTIMIZATION_LEVEL = "-Onone";
				ENABLE_STRICT_OBJC_MSGSEND = YES;
				ENABLE_USER_SCRIPT_SANDBOXING = YES;
				GCC_C_LANGUAGE_STANDARD = gnu17;
				GCC_NO_COMMON_BLOCKS = YES;
				GCC_WARN_64_TO_32_BIT_CONVERSION = YES;
				GCC_WARN_ABOUT_RETURN_TYPE = YES_ERROR;
				GCC_WARN_UNDECLARED_SELECTOR = YES;
				GCC_WARN_UNINITIALIZED_AUTOS = YES_AGGRESSIVE;
				GCC_WARN_UNUSED_FUNCTION = YES;
				GCC_WARN_UNUSED_VARIABLE = YES;
				IPHONEOS_DEPLOYMENT_TARGET = 17.0;
				LOCALIZATION_PREFERS_STRING_CATALOGS = YES;
				MTL_FAST_MATH = YES;
				SDKROOT = iphoneos;
			};
			name = Debug;
		};
		9E4BE681C1A04AD388195020 /* Release */ = {
			isa = XCBuildConfiguration;
			buildSettings = {
				ALWAYS_SEARCH_USER_PATHS = NO;
				CLANG_ANALYZER_NONNULL = YES;
				CLANG_ANALYZER_NUMBER_OBJECT_CONVERSION = YES_AGGRESSIVE;
				CLANG_CXX_LANGUAGE_STANDARD = "gnu++20";
				CLANG_ENABLE_MODULES = YES;
				CLANG_ENABLE_OBJC_ARC = YES;
				CLANG_ENABLE_OBJC_WEAK = YES;
				CLANG_WARN_BLOCK_CAPTURE_AUTORELEASING = YES;
				CLANG_WARN_BOOL_CONVERSION = YES;
				CLANG_WARN_COMMA = YES;
				CLANG_WARN_CONSTANT_CONVERSION = YES;
				CLANG_WARN_DEPRECATED_OBJC_IMPLEMENTATIONS = YES;
				CLANG_WARN_DIRECT_OBJC_ISA_USAGE = YES_ERROR;
				CLANG_WARN_DOCUMENTATION_COMMENTS = YES;
				CLANG_WARN_EMPTY_BODY = YES;
				CLANG_WARN_ENUM_CONVERSION = YES;
				CLANG_WARN_INFINITE_RECURSION = YES;
				CLANG_WARN_INT_CONVERSION = YES;
				CLANG_WARN_NON_LITERAL_NULL_CONVERSION = YES;
				CLANG_WARN_OBJC_IMPLICIT_RETAIN_SELF = YES;
				CLANG_WARN_OBJC_LITERAL_CONVERSION = YES;
				CLANG_WARN_OBJC_ROOT_CLASS = YES_ERROR;
				CLANG_WARN_RANGE_LOOP_ANALYSIS = YES;
				CLANG_WARN_STRICT_PROTOTYPES = YES;
				CLANG_WARN_SUSPICIOUS_MOVE = YES;
				CLANG_WARN_UNGUARDED_AVAILABILITY = YES_AGGRESSIVE;
				CLANG_WARN_UNREACHABLE_CODE = YES;
				CLANG_WARN__DUPLICATE_METHOD_MATCH = YES;
				COPY_PHASE_STRIP = NO;
				DEBUG_INFORMATION_FORMAT = "dwarf-with-dsym";
				ENABLE_NS_ASSERTIONS = NO;
				MTL_ENABLE_DEBUG_INFO = NO;
				SWIFT_COMPILATION_MODE = wholemodule;
				VALIDATE_PRODUCT = YES;
				ENABLE_STRICT_OBJC_MSGSEND = YES;
				ENABLE_USER_SCRIPT_SANDBOXING = YES;
				GCC_C_LANGUAGE_STANDARD = gnu17;
				GCC_NO_COMMON_BLOCKS = YES;
				GCC_WARN_64_TO_32_BIT_CONVERSION = YES;
				GCC_WARN_ABOUT_RETURN_TYPE = YES_ERROR;
				GCC_WARN_UNDECLARED_SELECTOR = YES;
				GCC_WARN_UNINITIALIZED_AUTOS = YES_AGGRESSIVE;
				GCC_WARN_UNUSED_FUNCTION = YES;
				GCC_WARN_UNUSED_VARIABLE = YES;
				IPHONEOS_DEPLOYMENT_TARGET = 17.0;
				LOCALIZATION_PREFERS_STRING_CATALOGS = YES;
				MTL_FAST_MATH = YES;
				SDKROOT = iphoneos;
			};
			name = Release;
		};
/* End XCBuildConfiguration section */

/* Begin XCConfigurationList section */
		ECD61A8A724C4A49B269DC51 /* Build configuration list for PBXNativeTarget "MowFlow" */ = {
			isa = XCConfigurationList;
			buildConfigurations = (
				4EDC641293E541E89B71F97B /* Debug */,
				902572D9AC0E497D9494320A /* Release */,
			);
			defaultConfigurationIsVisible = 0;
			defaultConfigurationName = Release;
		};
		005B87F1F4294FD48B4474B3 /* Build configuration list for PBXProject "MowFlow" */ = {
			isa = XCConfigurationList;
			buildConfigurations = (
				5694A7725030494AA131CCFC /* Debug */,
				9E4BE681C1A04AD388195020 /* Release */,
			);
			defaultConfigurationIsVisible = 0;
			defaultConfigurationName = Release;
		};
/* End XCConfigurationList section */

/* Begin XCRemoteSwiftPackageReference section */
		107024DC49B1424787A4888C /* XCRemoteSwiftPackageReference "stripe-ios" */ = {
			isa = XCRemoteSwiftPackageReference;
			repositoryURL = "https://github.com/stripe/stripe-ios.git";
			requirement = {
				kind = upToNextMajorVersion;
				minimumVersion = 23.0.0;
			};
		};
/* End XCRemoteSwiftPackageReference section */

/* Begin XCSwiftPackageProductDependency section */
		81E3E9097CCC4A1A9ED65EC5 /* StripePayments */ = {
			isa = XCSwiftPackageProductDependency;
			package = 107024DC49B1424787A4888C /* XCRemoteSwiftPackageReference "stripe-ios" */;
			productName = StripePayments;
		};
/* End XCSwiftPackageProductDependency section */

	};
	rootObject = E31DDF158B3347C3B8FBC4B0 /* Project object */;
}