// !$*UTF8*$!
{
	archiveVersion = 1;
	classes = {
	};
	objectVersion = 56;
	objects = {

/* Begin PBXBuildFile section */
		E35A441DAD887FC3A2C74E42 /* Color+Hex.swift in Sources */ = {
			isa = PBXBuildFile;
			fileRef = AF62B1BC4017057F54555BAE /* Color+Hex.swift */;
		};
		57832307091FB927BCA11794 /* Models.swift in Sources */ = {
			isa = PBXBuildFile;
			fileRef = D216E6C3054321B01C3C6482 /* Models.swift */;
		};
		C9B259C4CF26FF588B1F9B99 /* MowFlowApp.swift in Sources */ = {
			isa = PBXBuildFile;
			fileRef = EF693AAE30F5CD695922FEA9 /* MowFlowApp.swift */;
		};
		D99169E6EC2FDF00744284D9 /* AuthService.swift in Sources */ = {
			isa = PBXBuildFile;
			fileRef = 209DE740CC952A1131546744 /* AuthService.swift */;
		};
		061133DFAB08C06F2F796631 /* ChatService.swift in Sources */ = {
			isa = PBXBuildFile;
			fileRef = B28B6D31DCD0850D2BBF7784 /* ChatService.swift */;
		};
		2C3F8D06E6543EAD5793B234 /* DataStore.swift in Sources */ = {
			isa = PBXBuildFile;
			fileRef = 0BC0E63D87899EC152CC59FD /* DataStore.swift */;
		};
		1219A19D5D54AA2570DF2B2D /* StripeService.swift in Sources */ = {
			isa = PBXBuildFile;
			fileRef = 11648032D03BEB1661682FB4 /* StripeService.swift */;
		};
		C72795020704FAEFD18C5C23 /* SupabaseService.swift in Sources */ = {
			isa = PBXBuildFile;
			fileRef = 8F83FBB3E21FF6359EE16D92 /* SupabaseService.swift */;
		};
		AFD9D0588BE7692FFEC55563 /* LoginView.swift in Sources */ = {
			isa = PBXBuildFile;
			fileRef = 639962C3344550DFE01DEB2B /* LoginView.swift */;
		};
		26755DA8CD954CE13E83860E /* ChatView.swift in Sources */ = {
			isa = PBXBuildFile;
			fileRef = D10B3158EDF15E5A96BB5BF9 /* ChatView.swift */;
		};
		6CF606D16AD1AE6939003650 /* ClientsView.swift in Sources */ = {
			isa = PBXBuildFile;
			fileRef = B8BD4E4C41FD3A20823E645B /* ClientsView.swift */;
		};
		4CD4221648FD4F235E55308E /* NewClientFormView.swift in Sources */ = {
			isa = PBXBuildFile;
			fileRef = 9469149EC192184C605C1A6A /* NewClientFormView.swift */;
		};
		6A346559F7266033A53FDA90 /* JobCardView.swift in Sources */ = {
			isa = PBXBuildFile;
			fileRef = 879ABB8474781D097BCAC9E0 /* JobCardView.swift */;
		};
		499BA7931B8B746AA3DE7485 /* MainTabView.swift in Sources */ = {
			isa = PBXBuildFile;
			fileRef = 2A69D9F9BD14A0AC55B3C661 /* MainTabView.swift */;
		};
		1C6F71E58FFE031F186E64F5 /* ReusableViews.swift in Sources */ = {
			isa = PBXBuildFile;
			fileRef = 4F8430768996916563C04050 /* ReusableViews.swift */;
		};
		1402C91637F3CB46E4E0FEA3 /* HomeView.swift in Sources */ = {
			isa = PBXBuildFile;
			fileRef = 168BED19C455E78E84649CD2 /* HomeView.swift */;
		};
		28CDC438ECBA9875BF916A68 /* InvoicesView.swift in Sources */ = {
			isa = PBXBuildFile;
			fileRef = 9F6EE075C0BD84B9EA4F9BE7 /* InvoicesView.swift */;
		};
		749917F28BA75B7855C297E1 /* PaymentView.swift in Sources */ = {
			isa = PBXBuildFile;
			fileRef = DB8734D4DE27A598969F15B9 /* PaymentView.swift */;
		};
		0A7751B69DF334302E8C78F6 /* SettingsView.swift in Sources */ = {
			isa = PBXBuildFile;
			fileRef = 94F4B94AFB544CFE0A6FBD35 /* SettingsView.swift */;
		};
		D9F436F96275CB9394A2DF17 /* NewJobFormView.swift in Sources */ = {
			isa = PBXBuildFile;
			fileRef = 724AFBA963A0A6EE19B561EB /* NewJobFormView.swift */;
		};
		F96408C3C5307554AECC2CE4 /* TodayView.swift in Sources */ = {
			isa = PBXBuildFile;
			fileRef = 867CC0D01C7A8B6C841EC0B0 /* TodayView.swift */;
		};
		99812033B8BD7CDC0C7E876A /* Assets.xcassets in Resources */ = {
			isa = PBXBuildFile;
			fileRef = CC3340C45202B29152467289 /* Assets.xcassets */;
		};
		45383BBD4D9FF8979E22139A /* StripePayments in Frameworks */ = {
			isa = PBXBuildFile;
			productRef = CEA31008B77646B037783783 /* StripePayments */;
		};
/* End PBXBuildFile section */

/* Begin PBXFileReference section */
		AF62B1BC4017057F54555BAE /* Color+Hex.swift */ = {
			isa = PBXFileReference;
			lastKnownFileType = sourcecode.swift;
			path = Color+Hex.swift;
			sourceTree = "<group>";
		};
		D216E6C3054321B01C3C6482 /* Models.swift */ = {
			isa = PBXFileReference;
			lastKnownFileType = sourcecode.swift;
			path = Models.swift;
			sourceTree = "<group>";
		};
		EF693AAE30F5CD695922FEA9 /* MowFlowApp.swift */ = {
			isa = PBXFileReference;
			lastKnownFileType = sourcecode.swift;
			path = MowFlowApp.swift;
			sourceTree = "<group>";
		};
		209DE740CC952A1131546744 /* AuthService.swift */ = {
			isa = PBXFileReference;
			lastKnownFileType = sourcecode.swift;
			path = AuthService.swift;
			sourceTree = "<group>";
		};
		B28B6D31DCD0850D2BBF7784 /* ChatService.swift */ = {
			isa = PBXFileReference;
			lastKnownFileType = sourcecode.swift;
			path = ChatService.swift;
			sourceTree = "<group>";
		};
		0BC0E63D87899EC152CC59FD /* DataStore.swift */ = {
			isa = PBXFileReference;
			lastKnownFileType = sourcecode.swift;
			path = DataStore.swift;
			sourceTree = "<group>";
		};
		11648032D03BEB1661682FB4 /* StripeService.swift */ = {
			isa = PBXFileReference;
			lastKnownFileType = sourcecode.swift;
			path = StripeService.swift;
			sourceTree = "<group>";
		};
		8F83FBB3E21FF6359EE16D92 /* SupabaseService.swift */ = {
			isa = PBXFileReference;
			lastKnownFileType = sourcecode.swift;
			path = SupabaseService.swift;
			sourceTree = "<group>";
		};
		639962C3344550DFE01DEB2B /* LoginView.swift */ = {
			isa = PBXFileReference;
			lastKnownFileType = sourcecode.swift;
			path = LoginView.swift;
			sourceTree = "<group>";
		};
		D10B3158EDF15E5A96BB5BF9 /* ChatView.swift */ = {
			isa = PBXFileReference;
			lastKnownFileType = sourcecode.swift;
			path = ChatView.swift;
			sourceTree = "<group>";
		};
		B8BD4E4C41FD3A20823E645B /* ClientsView.swift */ = {
			isa = PBXFileReference;
			lastKnownFileType = sourcecode.swift;
			path = ClientsView.swift;
			sourceTree = "<group>";
		};
		9469149EC192184C605C1A6A /* NewClientFormView.swift */ = {
			isa = PBXFileReference;
			lastKnownFileType = sourcecode.swift;
			path = NewClientFormView.swift;
			sourceTree = "<group>";
		};
		879ABB8474781D097BCAC9E0 /* JobCardView.swift */ = {
			isa = PBXFileReference;
			lastKnownFileType = sourcecode.swift;
			path = JobCardView.swift;
			sourceTree = "<group>";
		};
		2A69D9F9BD14A0AC55B3C661 /* MainTabView.swift */ = {
			isa = PBXFileReference;
			lastKnownFileType = sourcecode.swift;
			path = MainTabView.swift;
			sourceTree = "<group>";
		};
		4F8430768996916563C04050 /* ReusableViews.swift */ = {
			isa = PBXFileReference;
			lastKnownFileType = sourcecode.swift;
			path = ReusableViews.swift;
			sourceTree = "<group>";
		};
		168BED19C455E78E84649CD2 /* HomeView.swift */ = {
			isa = PBXFileReference;
			lastKnownFileType = sourcecode.swift;
			path = HomeView.swift;
			sourceTree = "<group>";
		};
		9F6EE075C0BD84B9EA4F9BE7 /* InvoicesView.swift */ = {
			isa = PBXFileReference;
			lastKnownFileType = sourcecode.swift;
			path = InvoicesView.swift;
			sourceTree = "<group>";
		};
		DB8734D4DE27A598969F15B9 /* PaymentView.swift */ = {
			isa = PBXFileReference;
			lastKnownFileType = sourcecode.swift;
			path = PaymentView.swift;
			sourceTree = "<group>";
		};
		94F4B94AFB544CFE0A6FBD35 /* SettingsView.swift */ = {
			isa = PBXFileReference;
			lastKnownFileType = sourcecode.swift;
			path = SettingsView.swift;
			sourceTree = "<group>";
		};
		724AFBA963A0A6EE19B561EB /* NewJobFormView.swift */ = {
			isa = PBXFileReference;
			lastKnownFileType = sourcecode.swift;
			path = NewJobFormView.swift;
			sourceTree = "<group>";
		};
		867CC0D01C7A8B6C841EC0B0 /* TodayView.swift */ = {
			isa = PBXFileReference;
			lastKnownFileType = sourcecode.swift;
			path = TodayView.swift;
			sourceTree = "<group>";
		};
		CC3340C45202B29152467289 /* Assets.xcassets */ = {
			isa = PBXFileReference;
			lastKnownFileType = folder.assetcatalog;
			path = Assets.xcassets;
			sourceTree = "<group>";
		};
		4967E8E3E1AB3FC8B7CF789A /* Config.xcconfig */ = {
			isa = PBXFileReference;
			lastKnownFileType = text.xcconfig;
			path = Config.xcconfig;
			sourceTree = "<group>";
		};
		98FDBAA6D27710DB77A9C0AC /* MowFlow.app */ = {
			isa = PBXFileReference;
			explicitFileType = wrapper.application;
			includeInIndex = 0;
			path = MowFlow.app;
			sourceTree = BUILT_PRODUCTS_DIR;
		};
/* End PBXFileReference section */

/* Begin PBXGroup section */
		450B220DE8EEB27904FC3DC4 = {
			isa = PBXGroup;
			children = (
				BE8240317E2065AEDB474883 /* MowFlow */,
				4967E8E3E1AB3FC8B7CF789A /* Config.xcconfig */,
				9A76A62D587AD0C58292763F /* Products */,
			);
			sourceTree = "<group>";
		};
		9A76A62D587AD0C58292763F = {
			isa = PBXGroup;
			children = (
				98FDBAA6D27710DB77A9C0AC /* MowFlow.app */,
			);
			name = Products;
			sourceTree = "<group>";
		};
		BE8240317E2065AEDB474883 = {
			isa = PBXGroup;
			children = (
				AF62B1BC4017057F54555BAE /* Color+Hex.swift */,
				EF693AAE30F5CD695922FEA9 /* MowFlowApp.swift */,
				CC3340C45202B29152467289 /* Assets.xcassets */,
				BA99F69A7ABD808BEE2D55F4 /* Models */,
				C16C5F61C6E8911A97B3A67C /* Services */,
				B7AAA3894E69A3FBC1D532D4 /* Views */,
				4C8917E08F54E03202269CE4 /* Views/Auth */,
				063E02C25EDBA47812689F17 /* Views/Chat */,
				E69CA9C939CC09240B5A0A80 /* Views/Clients */,
				EFF65D8DAADE37EB15DD0526 /* Views/Components */,
				22DC1D2931A369528DF601BD /* Views/Home */,
				FFBCAD8F8A9B4B1DDD2795E1 /* Views/Invoices */,
				ACE9F37303D58BF0FD149DED /* Views/Payments */,
				B8892A656B3DE346018A3C15 /* Views/Settings */,
				29648C3D06CE5810C8E97AC6 /* Views/Today */,
			);
			path = MowFlow;
			sourceTree = "<group>";
		};
		BA99F69A7ABD808BEE2D55F4 /* Models */ = {
			isa = PBXGroup;
			children = (
				D216E6C3054321B01C3C6482 /* Models.swift */,
			);
			path = Models;
			sourceTree = "<group>";
		};
		C16C5F61C6E8911A97B3A67C /* Services */ = {
			isa = PBXGroup;
			children = (
				209DE740CC952A1131546744 /* AuthService.swift */,
				B28B6D31DCD0850D2BBF7784 /* ChatService.swift */,
				0BC0E63D87899EC152CC59FD /* DataStore.swift */,
				11648032D03BEB1661682FB4 /* StripeService.swift */,
				8F83FBB3E21FF6359EE16D92 /* SupabaseService.swift */,
			);
			path = Services;
			sourceTree = "<group>";
		};
		B7AAA3894E69A3FBC1D532D4 /* Views */ = {
			isa = PBXGroup;
			children = (
			);
			path = Views;
			sourceTree = "<group>";
		};
		4C8917E08F54E03202269CE4 /* Views/Auth */ = {
			isa = PBXGroup;
			children = (
				639962C3344550DFE01DEB2B /* LoginView.swift */,
			);
			path = Views/Auth;
			sourceTree = "<group>";
		};
		063E02C25EDBA47812689F17 /* Views/Chat */ = {
			isa = PBXGroup;
			children = (
				D10B3158EDF15E5A96BB5BF9 /* ChatView.swift */,
			);
			path = Views/Chat;
			sourceTree = "<group>";
		};
		E69CA9C939CC09240B5A0A80 /* Views/Clients */ = {
			isa = PBXGroup;
			children = (
				B8BD4E4C41FD3A20823E645B /* ClientsView.swift */,
				9469149EC192184C605C1A6A /* NewClientFormView.swift */,
			);
			path = Views/Clients;
			sourceTree = "<group>";
		};
		EFF65D8DAADE37EB15DD0526 /* Views/Components */ = {
			isa = PBXGroup;
			children = (
				879ABB8474781D097BCAC9E0 /* JobCardView.swift */,
				2A69D9F9BD14A0AC55B3C661 /* MainTabView.swift */,
				4F8430768996916563C04050 /* ReusableViews.swift */,
			);
			path = Views/Components;
			sourceTree = "<group>";
		};
		22DC1D2931A369528DF601BD /* Views/Home */ = {
			isa = PBXGroup;
			children = (
				168BED19C455E78E84649CD2 /* HomeView.swift */,
			);
			path = Views/Home;
			sourceTree = "<group>";
		};
		FFBCAD8F8A9B4B1DDD2795E1 /* Views/Invoices */ = {
			isa = PBXGroup;
			children = (
				9F6EE075C0BD84B9EA4F9BE7 /* InvoicesView.swift */,
			);
			path = Views/Invoices;
			sourceTree = "<group>";
		};
		ACE9F37303D58BF0FD149DED /* Views/Payments */ = {
			isa = PBXGroup;
			children = (
				DB8734D4DE27A598969F15B9 /* PaymentView.swift */,
			);
			path = Views/Payments;
			sourceTree = "<group>";
		};
		B8892A656B3DE346018A3C15 /* Views/Settings */ = {
			isa = PBXGroup;
			children = (
				94F4B94AFB544CFE0A6FBD35 /* SettingsView.swift */,
			);
			path = Views/Settings;
			sourceTree = "<group>";
		};
		29648C3D06CE5810C8E97AC6 /* Views/Today */ = {
			isa = PBXGroup;
			children = (
				724AFBA963A0A6EE19B561EB /* NewJobFormView.swift */,
				867CC0D01C7A8B6C841EC0B0 /* TodayView.swift */,
			);
			path = Views/Today;
			sourceTree = "<group>";
		};
/* End PBXGroup section */

/* Begin PBXNativeTarget section */
		88F56D6A2F90F79D5F551E46 /* MowFlow */ = {
			isa = PBXNativeTarget;
			buildConfigurationList = 88B610D245C48FE080C8F979 /* Build configuration list for PBXNativeTarget "MowFlow" */;
			buildPhases = (
				0998B95F2E75B94331298940 /* Sources */,
				E07120471D7CAA46DCD94528 /* Frameworks */,
				90D3309A3EDE29A4CEBB8E14 /* Resources */,
			);
			buildRules = (
			);
			dependencies = (
			);
			name = MowFlow;
			packageProductDependencies = (
				CEA31008B77646B037783783 /* StripePayments */,
			);
			productName = MowFlow;
			productReference = 98FDBAA6D27710DB77A9C0AC /* MowFlow.app */;
			productType = "com.apple.product-type.application";
		};
/* End PBXNativeTarget section */

/* Begin PBXProject section */
		46F86FAA6BBF9AC94A7E4595 /* Project object */ = {
			isa = PBXProject;
			attributes = {
				BuildIndependentTargetsInParallel = 1;
				LastSwiftUpdateCheck = 1540;
				LastUpgradeCheck = 1540;
				TargetAttributes = {
					88F56D6A2F90F79D5F551E46 = {
						CreatedOnToolsVersion = 15.4;
					};
				};
			};
			buildConfigurationList = 171ECEDBB1E323C51A029750 /* Build configuration list for PBXProject "MowFlow" */;
			compatibilityVersion = "Xcode 14.0";
			developmentRegion = en;
			hasScannedForEncodings = 0;
			knownRegions = (
				en,
				Base,
			);
			mainGroup = 450B220DE8EEB27904FC3DC4;
			packageReferences = (
				F00E04F44A764A005E3167E4 /* XCRemoteSwiftPackageReference "stripe-ios" */,
			);
			productRefGroup = 9A76A62D587AD0C58292763F /* Products */;
			projectDirPath = "";
			projectRoot = "";
			targets = (
				88F56D6A2F90F79D5F551E46 /* MowFlow */,
			);
		};
/* End PBXProject section */

/* Begin PBXSourcesBuildPhase section */
		0998B95F2E75B94331298940 /* Sources */ = {
			isa = PBXSourcesBuildPhase;
			buildActionMask = 2147483647;
			files = (
				E35A441DAD887FC3A2C74E42 /* Color+Hex.swift in Sources */,
				57832307091FB927BCA11794 /* Models.swift in Sources */,
				C9B259C4CF26FF588B1F9B99 /* MowFlowApp.swift in Sources */,
				D99169E6EC2FDF00744284D9 /* AuthService.swift in Sources */,
				061133DFAB08C06F2F796631 /* ChatService.swift in Sources */,
				2C3F8D06E6543EAD5793B234 /* DataStore.swift in Sources */,
				1219A19D5D54AA2570DF2B2D /* StripeService.swift in Sources */,
				C72795020704FAEFD18C5C23 /* SupabaseService.swift in Sources */,
				AFD9D0588BE7692FFEC55563 /* LoginView.swift in Sources */,
				26755DA8CD954CE13E83860E /* ChatView.swift in Sources */,
				6CF606D16AD1AE6939003650 /* ClientsView.swift in Sources */,
				4CD4221648FD4F235E55308E /* NewClientFormView.swift in Sources */,
				6A346559F7266033A53FDA90 /* JobCardView.swift in Sources */,
				499BA7931B8B746AA3DE7485 /* MainTabView.swift in Sources */,
				1C6F71E58FFE031F186E64F5 /* ReusableViews.swift in Sources */,
				1402C91637F3CB46E4E0FEA3 /* HomeView.swift in Sources */,
				28CDC438ECBA9875BF916A68 /* InvoicesView.swift in Sources */,
				749917F28BA75B7855C297E1 /* PaymentView.swift in Sources */,
				0A7751B69DF334302E8C78F6 /* SettingsView.swift in Sources */,
				D9F436F96275CB9394A2DF17 /* NewJobFormView.swift in Sources */,
				F96408C3C5307554AECC2CE4 /* TodayView.swift in Sources */,
			);
			runOnlyForDeploymentPostprocessing = 0;
		};
/* End PBXSourcesBuildPhase section */

/* Begin PBXFrameworksBuildPhase section */
		E07120471D7CAA46DCD94528 /* Frameworks */ = {
			isa = PBXFrameworksBuildPhase;
			buildActionMask = 2147483647;
			files = (
				45383BBD4D9FF8979E22139A /* StripePayments in Frameworks */,
			);
			runOnlyForDeploymentPostprocessing = 0;
		};
/* End PBXFrameworksBuildPhase section */

/* Begin PBXResourcesBuildPhase section */
		90D3309A3EDE29A4CEBB8E14 /* Resources */ = {
			isa = PBXResourcesBuildPhase;
			buildActionMask = 2147483647;
			files = (
				99812033B8BD7CDC0C7E876A /* Assets.xcassets in Resources */,
			);
			runOnlyForDeploymentPostprocessing = 0;
		};
/* End PBXResourcesBuildPhase section */

/* Begin XCBuildConfiguration section */
		FE36929CB70328F2965F6490 /* Debug */ = {
			isa = XCBuildConfiguration;
			buildSettings = {
				ASSETCATALOG_COMPILER_APPICON_NAME = AppIcon;
				ASSETCATALOG_COMPILER_GLOBAL_ACCENT_COLOR_NAME = AccentColor;
				CODE_SIGN_STYLE = Automatic;
				CURRENT_PROJECT_VERSION = 1;
				DEVELOPMENT_TEAM = "";
				GCC_PREPROCESSOR_DEFINITIONS = (
					"DEBUG=1",
					"$(inherited)",
				);
				GENERATE_INFOPLIST_FILE = YES;
				INFOPLIST_KEY_CFBundleDisplayName = MowFlow;
				INFOPLIST_KEY_CFBundleIdentifier = com.mowflow.app;
				INFOPLIST_KEY_CFBundleName = MowFlow;
				INFOPLIST_KEY_SUPABASE_URL = "https://vqgiynfrpsqddjrayczc.supabase.co";
				INFOPLIST_KEY_SUPABASE_ANON_KEY = "sb_publishable_C10u9M0wmcgAqDgkZoxm6g_eAsQSjpz";
				INFOPLIST_KEY_StripePublishableKey = "pk_live_REPLACE_ME";
				INFOPLIST_KEY_UIApplicationSceneManifest_Generation = YES;
				INFOPLIST_KEY_UIApplicationSupportsIndirectInputEvents = YES;
				INFOPLIST_KEY_UILaunchScreen_Generation = YES;
				INFOPLIST_KEY_UIRequiredDeviceCapabilities = arm64;
				INFOPLIST_KEY_UISupportedInterfaceOrientations = UIInterfaceOrientationPortrait;
				LD_RUNPATH_SEARCH_PATHS = (
					"$(inherited)",
					"@executable_path/Frameworks",
				);
				MARKETING_VERSION = 1.0.0;
				PRODUCT_BUNDLE_IDENTIFIER = com.mowflow.app;
				PRODUCT_NAME = "$(TARGET_NAME)";
				SDKROOT = iphoneos;
				SWIFT_EMIT_LOC_STRINGS = YES;
				SWIFT_STRICT_CONCURRENCY = complete;
				SWIFT_VERSION = 5.0;
				TARGETED_DEVICE_FAMILY = "1,2";
			};
			name = Debug;
		};
		36F4BC582F3E2333B1031F6E /* Release */ = {
			isa = XCBuildConfiguration;
			buildSettings = {
				ASSETCATALOG_COMPILER_APPICON_NAME = AppIcon;
				ASSETCATALOG_COMPILER_GLOBAL_ACCENT_COLOR_NAME = AccentColor;
				CODE_SIGN_STYLE = Automatic;
				CURRENT_PROJECT_VERSION = 1;
				DEVELOPMENT_TEAM = "";
				GENERATE_INFOPLIST_FILE = YES;
				INFOPLIST_KEY_CFBundleDisplayName = MowFlow;
				INFOPLIST_KEY_CFBundleIdentifier = com.mowflow.app;
				INFOPLIST_KEY_CFBundleName = MowFlow;
				INFOPLIST_KEY_SUPABASE_URL = "https://vqgiynfrpsqddjrayczc.supabase.co";
				INFOPLIST_KEY_SUPABASE_ANON_KEY = "sb_publishable_C10u9M0wmcgAqDgkZoxm6g_eAsQSjpz";
				INFOPLIST_KEY_StripePublishableKey = "pk_live_REPLACE_ME";
				INFOPLIST_KEY_UIApplicationSceneManifest_Generation = YES;
				INFOPLIST_KEY_UIApplicationSupportsIndirectInputEvents = YES;
				INFOPLIST_KEY_UILaunchScreen_Generation = YES;
				INFOPLIST_KEY_UIRequiredDeviceCapabilities = arm64;
				INFOPLIST_KEY_UISupportedInterfaceOrientations = UIInterfaceOrientationPortrait;
				LD_RUNPATH_SEARCH_PATHS = (
					"$(inherited)",
					"@executable_path/Frameworks",
				);
				MARKETING_VERSION = 1.0.0;
				PRODUCT_BUNDLE_IDENTIFIER = com.mowflow.app;
				PRODUCT_NAME = "$(TARGET_NAME)";
				SDKROOT = iphoneos;
				SWIFT_EMIT_LOC_STRINGS = YES;
				SWIFT_STRICT_CONCURRENCY = complete;
				SWIFT_VERSION = 5.0;
				TARGETED_DEVICE_FAMILY = "1,2";
			};
			name = Release;
		};
		C98EF866BB4BEFDA513E70EA /* Debug */ = {
			isa = XCBuildConfiguration;
			buildSettings = {
				ALWAYS_SEARCH_USER_PATHS = NO;
				CLANG_ANALYZER_NONNULL = YES;
				CLANG_ANALYZER_NUMBER_OBJECT_CONVERSION = YES_AGGRESSIVE;
				CLANG_CXX_LANGUAGE_STANDARD = "gnu++20";
				CLANG_ENABLE_MODULES = YES;
				CLANG_ENABLE_OBJC_ARC = YES;
				CLANG_ENABLE_OBJC_WEAK = YES;
				CLANG_WARN_BLOCK_CAPTURE_AUTORELEASING = YES;
				CLANG_WARN_BOOL_CONVERSION = YES;
				CLANG_WARN_COMMA = YES;
				CLANG_WARN_CONSTANT_CONVERSION = YES;
				CLANG_WARN_DEPRECATED_OBJC_IMPLEMENTATIONS = YES;
				CLANG_WARN_DIRECT_OBJC_ISA_USAGE = YES_ERROR;
				CLANG_WARN_DOCUMENTATION_COMMENTS = YES;
				CLANG_WARN_EMPTY_BODY = YES;
				CLANG_WARN_ENUM_CONVERSION = YES;
				CLANG_WARN_INFINITE_RECURSION = YES;
				CLANG_WARN_INT_CONVERSION = YES;
				CLANG_WARN_NON_LITERAL_NULL_CONVERSION = YES;
				CLANG_WARN_OBJC_IMPLICIT_RETAIN_SELF = YES;
				CLANG_WARN_OBJC_LITERAL_CONVERSION = YES;
				CLANG_WARN_OBJC_ROOT_CLASS = YES_ERROR;
				CLANG_WARN_RANGE_LOOP_ANALYSIS = YES;
				CLANG_WARN_STRICT_PROTOTYPES = YES;
				CLANG_WARN_SUSPICIOUS_MOVE = YES;
				CLANG_WARN_UNGUARDED_AVAILABILITY = YES_AGGRESSIVE;
				CLANG_WARN_UNREACHABLE_CODE = YES;
				CLANG_WARN__DUPLICATE_METHOD_MATCH = YES;
				COPY_PHASE_STRIP = NO;
				DEBUG_INFORMATION_FORMAT = dwarf;
				ENABLE_TESTABILITY = YES;
				GCC_DYNAMIC_NO_PIC = NO;
				GCC_OPTIMIZATION_LEVEL = 0;
				GCC_PREPROCESSOR_DEFINITIONS = (
					"DEBUG=1",
					"$(inherited)",
				);
				MTL_ENABLE_DEBUG_INFO = INCLUDE_SOURCE;
				ONLY_ACTIVE_ARCH = YES;
				SWIFT_ACTIVE_COMPILATION_CONDITIONS = "DEBUG $(inherited)";
				SWIFT_OPTIMIZATION_LEVEL = "-Onone";
				ENABLE_STRICT_OBJC_MSGSEND = YES;
				ENABLE_USER_SCRIPT_SANDBOXING = YES;
				GCC_C_LANGUAGE_STANDARD = gnu17;
				GCC_NO_COMMON_BLOCKS = YES;
				GCC_WARN_64_TO_32_BIT_CONVERSION = YES;
				GCC_WARN_ABOUT_RETURN_TYPE = YES_ERROR;
				GCC_WARN_UNDECLARED_SELECTOR = YES;
				GCC_WARN_UNINITIALIZED_AUTOS = YES_AGGRESSIVE;
				GCC_WARN_UNUSED_FUNCTION = YES;
				GCC_WARN_UNUSED_VARIABLE = YES;
				IPHONEOS_DEPLOYMENT_TARGET = 17.0;
				LOCALIZATION_PREFERS_STRING_CATALOGS = YES;
				MTL_FAST_MATH = YES;
				SDKROOT = iphoneos;
			};
			name = Debug;
		};
		3B87B266FBCACCE0CE936E20 /* Release */ = {
			isa = XCBuildConfiguration;
			buildSettings = {
				ALWAYS_SEARCH_USER_PATHS = NO;
				CLANG_ANALYZER_NONNULL = YES;
				CLANG_ANALYZER_NUMBER_OBJECT_CONVERSION = YES_AGGRESSIVE;
				CLANG_CXX_LANGUAGE_STANDARD = "gnu++20";
				CLANG_ENABLE_MODULES = YES;
				CLANG_ENABLE_OBJC_ARC = YES;
				CLANG_ENABLE_OBJC_WEAK = YES;
				CLANG_WARN_BLOCK_CAPTURE_AUTORELEASING = YES;
				CLANG_WARN_BOOL_CONVERSION = YES;
				CLANG_WARN_COMMA = YES;
				CLANG_WARN_CONSTANT_CONVERSION = YES;
				CLANG_WARN_DEPRECATED_OBJC_IMPLEMENTATIONS = YES;
				CLANG_WARN_DIRECT_OBJC_ISA_USAGE = YES_ERROR;
				CLANG_WARN_DOCUMENTATION_COMMENTS = YES;
				CLANG_WARN_EMPTY_BODY = YES;
				CLANG_WARN_ENUM_CONVERSION = YES;
				CLANG_WARN_INFINITE_RECURSION = YES;
				CLANG_WARN_INT_CONVERSION = YES;
				CLANG_WARN_NON_LITERAL_NULL_CONVERSION = YES;
				CLANG_WARN_OBJC_IMPLICIT_RETAIN_SELF = YES;
				CLANG_WARN_OBJC_LITERAL_CONVERSION = YES;
				CLANG_WARN_OBJC_ROOT_CLASS = YES_ERROR;
				CLANG_WARN_RANGE_LOOP_ANALYSIS = YES;
				CLANG_WARN_STRICT_PROTOTYPES = YES;
				CLANG_WARN_SUSPICIOUS_MOVE = YES;
				CLANG_WARN_UNGUARDED_AVAILABILITY = YES_AGGRESSIVE;
				CLANG_WARN_UNREACHABLE_CODE = YES;
				CLANG_WARN__DUPLICATE_METHOD_MATCH = YES;
				COPY_PHASE_STRIP = NO;
				DEBUG_INFORMATION_FORMAT = "dwarf-with-dsym";
				ENABLE_NS_ASSERTIONS = NO;
				MTL_ENABLE_DEBUG_INFO = NO;
				SWIFT_COMPILATION_MODE = wholemodule;
				VALIDATE_PRODUCT = YES;
				ENABLE_STRICT_OBJC_MSGSEND = YES;
				ENABLE_USER_SCRIPT_SANDBOXING = YES;
				GCC_C_LANGUAGE_STANDARD = gnu17;
				GCC_NO_COMMON_BLOCKS = YES;
				GCC_WARN_64_TO_32_BIT_CONVERSION = YES;
				GCC_WARN_ABOUT_RETURN_TYPE = YES_ERROR;
				GCC_WARN_UNDECLARED_SELECTOR = YES;
				GCC_WARN_UNINITIALIZED_AUTOS = YES_AGGRESSIVE;
				GCC_WARN_UNUSED_FUNCTION = YES;
				GCC_WARN_UNUSED_VARIABLE = YES;
				IPHONEOS_DEPLOYMENT_TARGET = 17.0;
				LOCALIZATION_PREFERS_STRING_CATALOGS = YES;
				MTL_FAST_MATH = YES;
				SDKROOT = iphoneos;
			};
			name = Release;
		};
/* End XCBuildConfiguration section */

/* Begin XCConfigurationList section */
		88B610D245C48FE080C8F979 /* Build configuration list for PBXNativeTarget "MowFlow" */ = {
			isa = XCConfigurationList;
			buildConfigurations = (
				FE36929CB70328F2965F6490 /* Debug */,
				36F4BC582F3E2333B1031F6E /* Release */,
			);
			defaultConfigurationIsVisible = 0;
			defaultConfigurationName = Release;
		};
		171ECEDBB1E323C51A029750 /* Build configuration list for PBXProject "MowFlow" */ = {
			isa = XCConfigurationList;
			buildConfigurations = (
				C98EF866BB4BEFDA513E70EA /* Debug */,
				3B87B266FBCACCE0CE936E20 /* Release */,
			);
			defaultConfigurationIsVisible = 0;
			defaultConfigurationName = Release;
		};
/* End XCConfigurationList section */

/* Begin XCRemoteSwiftPackageReference section */
		F00E04F44A764A005E3167E4 /* XCRemoteSwiftPackageReference "stripe-ios" */ = {
			isa = XCRemoteSwiftPackageReference;
			repositoryURL = "https://github.com/stripe/stripe-ios.git";
			requirement = {
				kind = upToNextMajorVersion;
				minimumVersion = 23.0.0;
			};
		};
/* End XCRemoteSwiftPackageReference section */

/* Begin XCSwiftPackageProductDependency section */
		CEA31008B77646B037783783 /* StripePayments */ = {
			isa = XCSwiftPackageProductDependency;
			package = F00E04F44A764A005E3167E4 /* XCRemoteSwiftPackageReference "stripe-ios" */;
			productName = StripePayments;
		};
/* End XCSwiftPackageProductDependency section */

	};
	rootObject = 46F86FAA6BBF9AC94A7E4595 /* Project object */;
}